
Microsoft Visual Studio Solution File, Format Version 12.00
# Visual Studio Version 17
VisualStudioVersion = 17.1.32319.34
MinimumVisualStudioVersion = 10.0.40219.1
Project("{FAE04EC0-301F-11D3-BF4B-00C04F79EFBC}") = "Dodawanie itemu", "Dodawanie itemu\Dodawanie itemu.csproj", "{7099D1A7-C74C-4CC3-B2A9-F65D8DC34492}"
EndProject
Global
	GlobalSection(SolutionConfigurationPlatforms) = preSolution
		Debug|Any CPU = Debug|Any CPU
		Release|Any CPU = Release|Any CPU
	EndGlobalSection
	GlobalSection(ProjectConfigurationPlatforms) = postSolution
		{7099D1A7-C74C-4CC3-B2A9-F65D8DC34492}.Debug|Any CPU.ActiveCfg = Debug|Any CPU
		{7099D1A7-C74C-4CC3-B2A9-F65D8DC34492}.Debug|Any CPU.Build.0 = Debug|Any CPU
		{7099D1A7-C74C-4CC3-B2A9-F65D8DC34492}.Release|Any CPU.ActiveCfg = Release|Any CPU
		{7099D1A7-C74C-4CC3-B2A9-F65D8DC34492}.Release|Any CPU.Build.0 = Release|Any CPU
	EndGlobalSection
	GlobalSection(SolutionProperties) = preSolution
		HideSolutionNode = FALSE
	EndGlobalSection
	GlobalSection(ExtensibilityGlobals) = postSolution
		SolutionGuid = {552A6B8C-A0FC-44F2-8801-6C88409E0F4F}
	EndGlobalSection
EndGlobal
